
Microsoft Visual Studio Solution File, Format Version 12.00
# Visual Studio Version 17
VisualStudioVersion = 17.8.34330.188
MinimumVisualStudioVersion = 10.0.40219.1
Project("{2150E333-8FDC-42A3-9474-1A3956D46DE8}") = "ApiGateway", "ApiGateway", "{9EAA5ED7-64FF-4975-A452-2012C8AFE55E}"
EndProject
Project("{2150E333-8FDC-42A3-9474-1A3956D46DE8}") = "Services", "Services", "{D58580BB-0434-436C-9756-7D741F134B83}"
EndProject
Project("{2150E333-8FDC-42A3-9474-1A3956D46DE8}") = "PublishCore.Auth", "PublishCore.Auth", "{F2D5EA96-9669-4D54-9356-BD8D2496514A}"
EndProject
Project("{2150E333-8FDC-42A3-9474-1A3956D46DE8}") = "src", "src", "{DBEADA57-6240-422F-A70C-7ECA016D0E99}"
EndProject
Project("{9A19103F-16F7-4668-BE54-9A1E7A4F7556}") = "PublishCore.Auth.Domain", "PublishCore.Auth.Domain\PublishCore.Auth.Domain.csproj", "{3169ADBF-98A9-40E4-999A-2408CCBA5CC5}"
EndProject
Project("{9A19103F-16F7-4668-BE54-9A1E7A4F7556}") = "PublishCore.Auth.Utilities", "PublishCore.Auth.Utilities\PublishCore.Auth.Utilities.csproj", "{DDC6F378-1AB6-48CD-8B91-4270A3BB1DDD}"
EndProject
Project("{9A19103F-16F7-4668-BE54-9A1E7A4F7556}") = "PublishCore.Auth.Infrastructure", "PublishCore.Auth.Infrastructure\PublishCore.Auth.Infrastructure.csproj", "{5565223B-BDE6-4CC3-8EB4-83AD8C8345DF}"
EndProject
Project("{9A19103F-16F7-4668-BE54-9A1E7A4F7556}") = "PublishCore.Auth.JWT", "PublishCore.Auth.JWT\PublishCore.Auth.JWT.csproj", "{F3CF6E6E-67C0-457F-929A-F8D47E6709AE}"
EndProject
Project("{9A19103F-16F7-4668-BE54-9A1E7A4F7556}") = "PublishCore.Auth.Application", "PublishCore.Auth.Application\PublishCore.Auth.Application.csproj", "{FCC6C7CC-AA21-4CD4-8693-4F5CAF5CC771}"
EndProject
Project("{9A19103F-16F7-4668-BE54-9A1E7A4F7556}") = "PublishCore.Auth.Api", "PublishCore.Auth.Api\PublishCore.Auth.Api.csproj", "{5A62B3AA-97F8-4FE3-9E00-36F1AF4F6469}"
EndProject
Project("{2150E333-8FDC-42A3-9474-1A3956D46DE8}") = "PublishCore.Publish", "PublishCore.Publish", "{F995F9C5-C420-4B9D-9ECD-F7326D15B3C7}"
EndProject
Project("{2150E333-8FDC-42A3-9474-1A3956D46DE8}") = "src", "src", "{014A8F09-5391-4E2E-868A-BA09F85EE29E}"
EndProject
Project("{9A19103F-16F7-4668-BE54-9A1E7A4F7556}") = "PublishCore.Publish.Domain", "PublishCore.Publish.Domain\PublishCore.Publish.Domain.csproj", "{0FCA799A-C332-45E8-AD06-5863022BFA92}"
EndProject
Project("{9A19103F-16F7-4668-BE54-9A1E7A4F7556}") = "PublishCore.Publish.Utilities", "PublishCore.Publish.Utilities\PublishCore.Publish.Utilities.csproj", "{C2BD3580-6B8C-4468-9304-8125A6DC4417}"
EndProject
Project("{9A19103F-16F7-4668-BE54-9A1E7A4F7556}") = "PublishCore.Publish.Infrastructure", "PublishCore.Publish.Infrastructure\PublishCore.Publish.Infrastructure.csproj", "{A513B34F-8178-4298-BF9F-F5CD6E5C7DFA}"
EndProject
Project("{9A19103F-16F7-4668-BE54-9A1E7A4F7556}") = "PublishCore.Publish.Application", "PublishCore.Publish.Application\PublishCore.Publish.Application.csproj", "{5F5A9116-FACA-4502-8717-F6BF37A7D2C9}"
EndProject
Project("{9A19103F-16F7-4668-BE54-9A1E7A4F7556}") = "PublishCore.Publish.Api", "PublishCore.Publish.Api\PublishCore.Publish.Api.csproj", "{5A444257-7661-4E9A-9953-F5E28CE2EE12}"
EndProject
Project("{2150E333-8FDC-42A3-9474-1A3956D46DE8}") = "PublishCore.Hosted", "PublishCore.Hosted", "{F79995DB-DC83-447D-B3E3-CDBC2E466243}"
EndProject
Project("{2150E333-8FDC-42A3-9474-1A3956D46DE8}") = "src", "src", "{B275A378-B2EF-4AEC-850C-7E21CC73501D}"
EndProject
Project("{2150E333-8FDC-42A3-9474-1A3956D46DE8}") = "PublishCore.Hubs", "PublishCore.Hubs", "{7C2B314C-3F12-4C7A-88B8-2254016FE211}"
EndProject
Project("{2150E333-8FDC-42A3-9474-1A3956D46DE8}") = "src", "src", "{2BE96388-F3FD-4762-A994-6C7E9F2ECE0E}"
EndProject
Project("{9A19103F-16F7-4668-BE54-9A1E7A4F7556}") = "PublishCore.Hubs.Application", "PublishCore.Hubs.Application\PublishCore.Hubs.Application.csproj", "{120A168B-4135-4508-8315-4868BDB26030}"
EndProject
Project("{9A19103F-16F7-4668-BE54-9A1E7A4F7556}") = "PublishCore.Hubs.Api", "PublishCore.Hubs.Api\PublishCore.Hubs.Api.csproj", "{BA472EC7-CD98-4BDE-A98B-18F38E229ED1}"
EndProject
Project("{9A19103F-16F7-4668-BE54-9A1E7A4F7556}") = "PublishCore.Hubs.Domain", "PublishCore.Hubs.Domain\PublishCore.Hubs.Domain.csproj", "{D8AEA4A0-D43B-460C-9F72-EAB92299AD5D}"
EndProject
Project("{9A19103F-16F7-4668-BE54-9A1E7A4F7556}") = "PublishCore.Hosted.Utilities", "PublishCore.Hosted.Utilities\PublishCore.Hosted.Utilities.csproj", "{90FCB7BF-343A-46D9-B830-ACE38A8079E4}"
EndProject
Project("{9A19103F-16F7-4668-BE54-9A1E7A4F7556}") = "PublishCore.Hosted.Api", "PublishCore.Hosted.Api\PublishCore.Hosted.Api.csproj", "{B7FF795D-C3C5-45FD-BC09-1D4031F4AF18}"
EndProject
Project("{9A19103F-16F7-4668-BE54-9A1E7A4F7556}") = "PublishCore.Gateway.Api", "PublishCore.Gateway.Api\PublishCore.Gateway.Api.csproj", "{AB932399-6083-49D5-A079-46B091A6CEEC}"
EndProject
Project("{E53339B2-1760-4266-BCC7-CA923CBCF16C}") = "docker-compose", "docker-compose.dcproj", "{BC5F985D-6386-400E-89E4-CB4DD3AE0BE2}"
EndProject
Global
	GlobalSection(SolutionConfigurationPlatforms) = preSolution
		Debug|Any CPU = Debug|Any CPU
		Release|Any CPU = Release|Any CPU
	EndGlobalSection
	GlobalSection(ProjectConfigurationPlatforms) = postSolution
		{3169ADBF-98A9-40E4-999A-2408CCBA5CC5}.Debug|Any CPU.ActiveCfg = Debug|Any CPU
		{3169ADBF-98A9-40E4-999A-2408CCBA5CC5}.Debug|Any CPU.Build.0 = Debug|Any CPU
		{3169ADBF-98A9-40E4-999A-2408CCBA5CC5}.Release|Any CPU.ActiveCfg = Release|Any CPU
		{3169ADBF-98A9-40E4-999A-2408CCBA5CC5}.Release|Any CPU.Build.0 = Release|Any CPU
		{DDC6F378-1AB6-48CD-8B91-4270A3BB1DDD}.Debug|Any CPU.ActiveCfg = Debug|Any CPU
		{DDC6F378-1AB6-48CD-8B91-4270A3BB1DDD}.Debug|Any CPU.Build.0 = Debug|Any CPU
		{DDC6F378-1AB6-48CD-8B91-4270A3BB1DDD}.Release|Any CPU.ActiveCfg = Release|Any CPU
		{DDC6F378-1AB6-48CD-8B91-4270A3BB1DDD}.Release|Any CPU.Build.0 = Release|Any CPU
		{5565223B-BDE6-4CC3-8EB4-83AD8C8345DF}.Debug|Any CPU.ActiveCfg = Debug|Any CPU
		{5565223B-BDE6-4CC3-8EB4-83AD8C8345DF}.Debug|Any CPU.Build.0 = Debug|Any CPU
		{5565223B-BDE6-4CC3-8EB4-83AD8C8345DF}.Release|Any CPU.ActiveCfg = Release|Any CPU
		{5565223B-BDE6-4CC3-8EB4-83AD8C8345DF}.Release|Any CPU.Build.0 = Release|Any CPU
		{F3CF6E6E-67C0-457F-929A-F8D47E6709AE}.Debug|Any CPU.ActiveCfg = Debug|Any CPU
		{F3CF6E6E-67C0-457F-929A-F8D47E6709AE}.Debug|Any CPU.Build.0 = Debug|Any CPU
		{F3CF6E6E-67C0-457F-929A-F8D47E6709AE}.Release|Any CPU.ActiveCfg = Release|Any CPU
		{F3CF6E6E-67C0-457F-929A-F8D47E6709AE}.Release|Any CPU.Build.0 = Release|Any CPU
		{FCC6C7CC-AA21-4CD4-8693-4F5CAF5CC771}.Debug|Any CPU.ActiveCfg = Debug|Any CPU
		{FCC6C7CC-AA21-4CD4-8693-4F5CAF5CC771}.Debug|Any CPU.Build.0 = Debug|Any CPU
		{FCC6C7CC-AA21-4CD4-8693-4F5CAF5CC771}.Release|Any CPU.ActiveCfg = Release|Any CPU
		{FCC6C7CC-AA21-4CD4-8693-4F5CAF5CC771}.Release|Any CPU.Build.0 = Release|Any CPU
		{5A62B3AA-97F8-4FE3-9E00-36F1AF4F6469}.Debug|Any CPU.ActiveCfg = Debug|Any CPU
		{5A62B3AA-97F8-4FE3-9E00-36F1AF4F6469}.Debug|Any CPU.Build.0 = Debug|Any CPU
		{5A62B3AA-97F8-4FE3-9E00-36F1AF4F6469}.Release|Any CPU.ActiveCfg = Release|Any CPU
		{5A62B3AA-97F8-4FE3-9E00-36F1AF4F6469}.Release|Any CPU.Build.0 = Release|Any CPU
		{0FCA799A-C332-45E8-AD06-5863022BFA92}.Debug|Any CPU.ActiveCfg = Debug|Any CPU
		{0FCA799A-C332-45E8-AD06-5863022BFA92}.Debug|Any CPU.Build.0 = Debug|Any CPU
		{0FCA799A-C332-45E8-AD06-5863022BFA92}.Release|Any CPU.ActiveCfg = Release|Any CPU
		{0FCA799A-C332-45E8-AD06-5863022BFA92}.Release|Any CPU.Build.0 = Release|Any CPU
		{C2BD3580-6B8C-4468-9304-8125A6DC4417}.Debug|Any CPU.ActiveCfg = Debug|Any CPU
		{C2BD3580-6B8C-4468-9304-8125A6DC4417}.Debug|Any CPU.Build.0 = Debug|Any CPU
		{C2BD3580-6B8C-4468-9304-8125A6DC4417}.Release|Any CPU.ActiveCfg = Release|Any CPU
		{C2BD3580-6B8C-4468-9304-8125A6DC4417}.Release|Any CPU.Build.0 = Release|Any CPU
		{A513B34F-8178-4298-BF9F-F5CD6E5C7DFA}.Debug|Any CPU.ActiveCfg = Debug|Any CPU
		{A513B34F-8178-4298-BF9F-F5CD6E5C7DFA}.Debug|Any CPU.Build.0 = Debug|Any CPU
		{A513B34F-8178-4298-BF9F-F5CD6E5C7DFA}.Release|Any CPU.ActiveCfg = Release|Any CPU
		{A513B34F-8178-4298-BF9F-F5CD6E5C7DFA}.Release|Any CPU.Build.0 = Release|Any CPU
		{5F5A9116-FACA-4502-8717-F6BF37A7D2C9}.Debug|Any CPU.ActiveCfg = Debug|Any CPU
		{5F5A9116-FACA-4502-8717-F6BF37A7D2C9}.Debug|Any CPU.Build.0 = Debug|Any CPU
		{5F5A9116-FACA-4502-8717-F6BF37A7D2C9}.Release|Any CPU.ActiveCfg = Release|Any CPU
		{5F5A9116-FACA-4502-8717-F6BF37A7D2C9}.Release|Any CPU.Build.0 = Release|Any CPU
		{5A444257-7661-4E9A-9953-F5E28CE2EE12}.Debug|Any CPU.ActiveCfg = Debug|Any CPU
		{5A444257-7661-4E9A-9953-F5E28CE2EE12}.Debug|Any CPU.Build.0 = Debug|Any CPU
		{5A444257-7661-4E9A-9953-F5E28CE2EE12}.Release|Any CPU.ActiveCfg = Release|Any CPU
		{5A444257-7661-4E9A-9953-F5E28CE2EE12}.Release|Any CPU.Build.0 = Release|Any CPU
		{120A168B-4135-4508-8315-4868BDB26030}.Debug|Any CPU.ActiveCfg = Debug|Any CPU
		{120A168B-4135-4508-8315-4868BDB26030}.Debug|Any CPU.Build.0 = Debug|Any CPU
		{120A168B-4135-4508-8315-4868BDB26030}.Release|Any CPU.ActiveCfg = Release|Any CPU
		{120A168B-4135-4508-8315-4868BDB26030}.Release|Any CPU.Build.0 = Release|Any CPU
		{BA472EC7-CD98-4BDE-A98B-18F38E229ED1}.Debug|Any CPU.ActiveCfg = Debug|Any CPU
		{BA472EC7-CD98-4BDE-A98B-18F38E229ED1}.Debug|Any CPU.Build.0 = Debug|Any CPU
		{BA472EC7-CD98-4BDE-A98B-18F38E229ED1}.Release|Any CPU.ActiveCfg = Release|Any CPU
		{BA472EC7-CD98-4BDE-A98B-18F38E229ED1}.Release|Any CPU.Build.0 = Release|Any CPU
		{D8AEA4A0-D43B-460C-9F72-EAB92299AD5D}.Debug|Any CPU.ActiveCfg = Debug|Any CPU
		{D8AEA4A0-D43B-460C-9F72-EAB92299AD5D}.Debug|Any CPU.Build.0 = Debug|Any CPU
		{D8AEA4A0-D43B-460C-9F72-EAB92299AD5D}.Release|Any CPU.ActiveCfg = Release|Any CPU
		{D8AEA4A0-D43B-460C-9F72-EAB92299AD5D}.Release|Any CPU.Build.0 = Release|Any CPU
		{90FCB7BF-343A-46D9-B830-ACE38A8079E4}.Debug|Any CPU.ActiveCfg = Debug|Any CPU
		{90FCB7BF-343A-46D9-B830-ACE38A8079E4}.Debug|Any CPU.Build.0 = Debug|Any CPU
		{90FCB7BF-343A-46D9-B830-ACE38A8079E4}.Release|Any CPU.ActiveCfg = Release|Any CPU
		{90FCB7BF-343A-46D9-B830-ACE38A8079E4}.Release|Any CPU.Build.0 = Release|Any CPU
		{B7FF795D-C3C5-45FD-BC09-1D4031F4AF18}.Debug|Any CPU.ActiveCfg = Debug|Any CPU
		{B7FF795D-C3C5-45FD-BC09-1D4031F4AF18}.Debug|Any CPU.Build.0 = Debug|Any CPU
		{B7FF795D-C3C5-45FD-BC09-1D4031F4AF18}.Release|Any CPU.ActiveCfg = Release|Any CPU
		{B7FF795D-C3C5-45FD-BC09-1D4031F4AF18}.Release|Any CPU.Build.0 = Release|Any CPU
		{AB932399-6083-49D5-A079-46B091A6CEEC}.Debug|Any CPU.ActiveCfg = Debug|Any CPU
		{AB932399-6083-49D5-A079-46B091A6CEEC}.Debug|Any CPU.Build.0 = Debug|Any CPU
		{AB932399-6083-49D5-A079-46B091A6CEEC}.Release|Any CPU.ActiveCfg = Release|Any CPU
		{AB932399-6083-49D5-A079-46B091A6CEEC}.Release|Any CPU.Build.0 = Release|Any CPU
		{BC5F985D-6386-400E-89E4-CB4DD3AE0BE2}.Debug|Any CPU.ActiveCfg = Debug|Any CPU
		{BC5F985D-6386-400E-89E4-CB4DD3AE0BE2}.Debug|Any CPU.Build.0 = Debug|Any CPU
		{BC5F985D-6386-400E-89E4-CB4DD3AE0BE2}.Release|Any CPU.ActiveCfg = Release|Any CPU
		{BC5F985D-6386-400E-89E4-CB4DD3AE0BE2}.Release|Any CPU.Build.0 = Release|Any CPU
	EndGlobalSection
	GlobalSection(SolutionProperties) = preSolution
		HideSolutionNode = FALSE
	EndGlobalSection
	GlobalSection(NestedProjects) = preSolution
		{F2D5EA96-9669-4D54-9356-BD8D2496514A} = {D58580BB-0434-436C-9756-7D741F134B83}
		{DBEADA57-6240-422F-A70C-7ECA016D0E99} = {F2D5EA96-9669-4D54-9356-BD8D2496514A}
		{3169ADBF-98A9-40E4-999A-2408CCBA5CC5} = {DBEADA57-6240-422F-A70C-7ECA016D0E99}
		{DDC6F378-1AB6-48CD-8B91-4270A3BB1DDD} = {DBEADA57-6240-422F-A70C-7ECA016D0E99}
		{5565223B-BDE6-4CC3-8EB4-83AD8C8345DF} = {DBEADA57-6240-422F-A70C-7ECA016D0E99}
		{F3CF6E6E-67C0-457F-929A-F8D47E6709AE} = {DBEADA57-6240-422F-A70C-7ECA016D0E99}
		{FCC6C7CC-AA21-4CD4-8693-4F5CAF5CC771} = {DBEADA57-6240-422F-A70C-7ECA016D0E99}
		{5A62B3AA-97F8-4FE3-9E00-36F1AF4F6469} = {DBEADA57-6240-422F-A70C-7ECA016D0E99}
		{F995F9C5-C420-4B9D-9ECD-F7326D15B3C7} = {D58580BB-0434-436C-9756-7D741F134B83}
		{014A8F09-5391-4E2E-868A-BA09F85EE29E} = {F995F9C5-C420-4B9D-9ECD-F7326D15B3C7}
		{0FCA799A-C332-45E8-AD06-5863022BFA92} = {014A8F09-5391-4E2E-868A-BA09F85EE29E}
		{C2BD3580-6B8C-4468-9304-8125A6DC4417} = {014A8F09-5391-4E2E-868A-BA09F85EE29E}
		{A513B34F-8178-4298-BF9F-F5CD6E5C7DFA} = {014A8F09-5391-4E2E-868A-BA09F85EE29E}
		{5F5A9116-FACA-4502-8717-F6BF37A7D2C9} = {014A8F09-5391-4E2E-868A-BA09F85EE29E}
		{5A444257-7661-4E9A-9953-F5E28CE2EE12} = {014A8F09-5391-4E2E-868A-BA09F85EE29E}
		{F79995DB-DC83-447D-B3E3-CDBC2E466243} = {D58580BB-0434-436C-9756-7D741F134B83}
		{B275A378-B2EF-4AEC-850C-7E21CC73501D} = {F79995DB-DC83-447D-B3E3-CDBC2E466243}
		{7C2B314C-3F12-4C7A-88B8-2254016FE211} = {D58580BB-0434-436C-9756-7D741F134B83}
		{2BE96388-F3FD-4762-A994-6C7E9F2ECE0E} = {7C2B314C-3F12-4C7A-88B8-2254016FE211}
		{120A168B-4135-4508-8315-4868BDB26030} = {2BE96388-F3FD-4762-A994-6C7E9F2ECE0E}
		{BA472EC7-CD98-4BDE-A98B-18F38E229ED1} = {2BE96388-F3FD-4762-A994-6C7E9F2ECE0E}
		{D8AEA4A0-D43B-460C-9F72-EAB92299AD5D} = {2BE96388-F3FD-4762-A994-6C7E9F2ECE0E}
		{90FCB7BF-343A-46D9-B830-ACE38A8079E4} = {B275A378-B2EF-4AEC-850C-7E21CC73501D}
		{B7FF795D-C3C5-45FD-BC09-1D4031F4AF18} = {B275A378-B2EF-4AEC-850C-7E21CC73501D}
		{AB932399-6083-49D5-A079-46B091A6CEEC} = {9EAA5ED7-64FF-4975-A452-2012C8AFE55E}
	EndGlobalSection
	GlobalSection(ExtensibilityGlobals) = postSolution
		SolutionGuid = {E031DF89-23F7-4F02-85CA-6B8E9CB0BC98}
	EndGlobalSection
EndGlobal
